
Microsoft Visual Studio Solution File, Format Version 12.00
# Visual Studio Version 16
VisualStudioVersion = 16.0.30907.101
MinimumVisualStudioVersion = 10.0.40219.1
Project("{FAE04EC0-301F-11D3-BF4B-00C04F79EFBC}") = "WebSite", "WebSite\WebSite.csproj", "{35B7F9D8-0EC8-434C-8193-A97E0635EA89}"
EndProject
Global
	GlobalSection(SolutionConfigurationPlatforms) = preSolution
		Debug|Any CPU = Debug|Any CPU
		Release|Any CPU = Release|Any CPU
	EndGlobalSection
	GlobalSection(ProjectConfigurationPlatforms) = postSolution
		{35B7F9D8-0EC8-434C-8193-A97E0635EA89}.Debug|Any CPU.ActiveCfg = Debug|Any CPU
		{35B7F9D8-0EC8-434C-8193-A97E0635EA89}.Debug|Any CPU.Build.0 = Debug|Any CPU
		{35B7F9D8-0EC8-434C-8193-A97E0635EA89}.Release|Any CPU.ActiveCfg = Release|Any CPU
		{35B7F9D8-0EC8-434C-8193-A97E0635EA89}.Release|Any CPU.Build.0 = Release|Any CPU
	EndGlobalSection
	GlobalSection(SolutionProperties) = preSolution
		HideSolutionNode = FALSE
	EndGlobalSection
	GlobalSection(ExtensibilityGlobals) = postSolution
		SolutionGuid = {D11C767D-F915-47DA-B3D4-92DF5A6400EB}
	EndGlobalSection
EndGlobal
